PODS:
  - file_picker (0.0.1):
    - FlutterMacOS
  - file_selector_macos (0.0.1):
    - FlutterMacOS
  - flutter_local_notifications (0.0.1):
    - FlutterMacOS
  - flutter_timezone (0.1.0):
    - FlutterMacOS
  - FlutterMacOS (1.0.0)
  - in_app_purchase_storekit (0.0.1):
    - Flutter
    - FlutterMacOS
  - isar_flutter_libs (1.0.0):
    - FlutterMacOS
  - printing (1.0.0):
    - FlutterMacOS

DEPENDENCIES:
  - file_picker (from `Flutter/ephemeral/.symlinks/plugins/file_picker/macos`)
  - file_selector_macos (from `Flutter/ephemeral/.symlinks/plugins/file_selector_macos/macos`)
  - flutter_local_notifications (from `Flutter/ephemeral/.symlinks/plugins/flutter_local_notifications/macos`)
  - flutter_timezone (from `Flutter/ephemeral/.symlinks/plugins/flutter_timezone/macos`)
  - FlutterMacOS (from `Flutter/ephemeral`)
  - in_app_purchase_storekit (from `Flutter/ephemeral/.symlinks/plugins/in_app_purchase_storekit/darwin`)
  - isar_flutter_libs (from `Flutter/ephemeral/.symlinks/plugins/isar_flutter_libs/macos`)
  - printing (from `Flutter/ephemeral/.symlinks/plugins/printing/macos`)

EXTERNAL SOURCES:
  file_picker:
    :path: Flutter/ephemeral/.symlinks/plugins/file_picker/macos
  file_selector_macos:
    :path: Flutter/ephemeral/.symlinks/plugins/file_selector_macos/macos
  flutter_local_notifications:
    :path: Flutter/ephemeral/.symlinks/plugins/flutter_local_notifications/macos
  flutter_timezone:
    :path: Flutter/ephemeral/.symlinks/plugins/flutter_timezone/macos
  FlutterMacOS:
    :path: Flutter/ephemeral
  in_app_purchase_storekit:
    :path: Flutter/ephemeral/.symlinks/plugins/in_app_purchase_storekit/darwin
  isar_flutter_libs:
    :path: Flutter/ephemeral/.symlinks/plugins/isar_flutter_libs/macos
  printing:
    :path: Flutter/ephemeral/.symlinks/plugins/printing/macos

SPEC CHECKSUMS:
  file_picker: 7584aae6fa07a041af2b36a2655122d42f578c1a
  file_selector_macos: 9e9e068e90ebee155097d00e89ae91edb2374db7
  flutter_local_notifications: 4bf37a31afde695b56091b4ae3e4d9c7a7e6cda0
  flutter_timezone: d59eea86178cbd7943cd2431cc2eaa9850f935d8
  FlutterMacOS: d0db08ddef1a9af05a5ec4b724367152bb0500b1
  in_app_purchase_storekit: 22cca7d08eebca9babdf4d07d0baccb73325d3c8
  isar_flutter_libs: a65381780401f81ad6bf3f2e7cd0de5698fb98c4
  printing: c4cf83c78fd684f9bc318e6aadc18972aa48f617

PODFILE CHECKSUM: 54d867c82ac51cbd61b565781b9fada492027009

COCOAPODS: 1.16.2
